
Microsoft Visual Studio Solution File, Format Version 12.00
# Visual Studio Version 17
VisualStudioVersion = 17.9.34607.119
MinimumVisualStudioVersion = 10.0.40219.1
Project("{9A19103F-16F7-4668-BE54-9A1E7A4F7556}") = "Aduanas.Aci.Usuarios.Api", "UserManagementAPI\Aduanas.Aci.Usuarios.Api.csproj", "{30FAFFD4-DE96-4D33-BC32-6DACD64425F3}"
EndProject
Project("{9A19103F-16F7-4668-BE54-9A1E7A4F7556}") = "Aduanas.Aci.Seguridad.Api", "..\..\..\..\..\..\Downloads\Aduanas_Aci_Seguridad_Api_Optimizado\proyecto_output\Aduanas.Aci.Seguridad.Api\Aduanas.Aci.Seguridad.Api.csproj", "{BAAB0729-3402-4CF9-AF2E-6BB9115AF651}"
EndProject
Global
	GlobalSection(SolutionConfigurationPlatforms) = preSolution
		Debug|Any CPU = Debug|Any CPU
		Release|Any CPU = Release|Any CPU
	EndGlobalSection
	GlobalSection(ProjectConfigurationPlatforms) = postSolution
		{30FAFFD4-DE96-4D33-BC32-6DACD64425F3}.Debug|Any CPU.ActiveCfg = Debug|Any CPU
		{30FAFFD4-DE96-4D33-BC32-6DACD64425F3}.Debug|Any CPU.Build.0 = Debug|Any CPU
		{30FAFFD4-DE96-4D33-BC32-6DACD64425F3}.Release|Any CPU.ActiveCfg = Release|Any CPU
		{30FAFFD4-DE96-4D33-BC32-6DACD64425F3}.Release|Any CPU.Build.0 = Release|Any CPU
		{BAAB0729-3402-4CF9-AF2E-6BB9115AF651}.Debug|Any CPU.ActiveCfg = Debug|Any CPU
		{BAAB0729-3402-4CF9-AF2E-6BB9115AF651}.Debug|Any CPU.Build.0 = Debug|Any CPU
		{BAAB0729-3402-4CF9-AF2E-6BB9115AF651}.Release|Any CPU.ActiveCfg = Release|Any CPU
		{BAAB0729-3402-4CF9-AF2E-6BB9115AF651}.Release|Any CPU.Build.0 = Release|Any CPU
	EndGlobalSection
	GlobalSection(SolutionProperties) = preSolution
		HideSolutionNode = FALSE
	EndGlobalSection
	GlobalSection(ExtensibilityGlobals) = postSolution
		SolutionGuid = {37525066-5F40-4651-911D-CA426D713C8B}
	EndGlobalSection
EndGlobal
